
Microsoft Visual Studio Solution File, Format Version 12.00
# Visual Studio 15
VisualStudioVersion = 15.0.26124.0
MinimumVisualStudioVersion = 15.0.26124.0
Project("{2150E333-8FDC-42A3-9474-1A3956D46DE8}") = "src", "src", "{96340F62-479C-453A-B695-0EC19A03151F}"
EndProject
Project("{FAE04EC0-301F-11D3-BF4B-00C04F79EFBC}") = "IdentityServer", "src\IdentityServer\IdentityServer.csproj", "{512714E4-26A6-4F12-B30B-8A56949F6745}"
EndProject
Project("{FAE04EC0-301F-11D3-BF4B-00C04F79EFBC}") = "Api", "src\Api\Api.csproj", "{E088FDE2-CEE5-47C8-9B51-C2C4E4ABF46B}"
EndProject
Global
	GlobalSection(SolutionConfigurationPlatforms) = preSolution
		Debug|Any CPU = Debug|Any CPU
		Debug|x64 = Debug|x64
		Debug|x86 = Debug|x86
		Release|Any CPU = Release|Any CPU
		Release|x64 = Release|x64
		Release|x86 = Release|x86
	EndGlobalSection
	GlobalSection(SolutionProperties) = preSolution
		HideSolutionNode = FALSE
	EndGlobalSection
	GlobalSection(ProjectConfigurationPlatforms) = postSolution
		{512714E4-26A6-4F12-B30B-8A56949F6745}.Debug|Any CPU.ActiveCfg = Debug|Any CPU
		{512714E4-26A6-4F12-B30B-8A56949F6745}.Debug|Any CPU.Build.0 = Debug|Any CPU
		{512714E4-26A6-4F12-B30B-8A56949F6745}.Debug|x64.ActiveCfg = Debug|Any CPU
		{512714E4-26A6-4F12-B30B-8A56949F6745}.Debug|x64.Build.0 = Debug|Any CPU
		{512714E4-26A6-4F12-B30B-8A56949F6745}.Debug|x86.ActiveCfg = Debug|Any CPU
		{512714E4-26A6-4F12-B30B-8A56949F6745}.Debug|x86.Build.0 = Debug|Any CPU
		{512714E4-26A6-4F12-B30B-8A56949F6745}.Release|Any CPU.ActiveCfg = Release|Any CPU
		{512714E4-26A6-4F12-B30B-8A56949F6745}.Release|Any CPU.Build.0 = Release|Any CPU
		{512714E4-26A6-4F12-B30B-8A56949F6745}.Release|x64.ActiveCfg = Release|Any CPU
		{512714E4-26A6-4F12-B30B-8A56949F6745}.Release|x64.Build.0 = Release|Any CPU
		{512714E4-26A6-4F12-B30B-8A56949F6745}.Release|x86.ActiveCfg = Release|Any CPU
		{512714E4-26A6-4F12-B30B-8A56949F6745}.Release|x86.Build.0 = Release|Any CPU
		{E088FDE2-CEE5-47C8-9B51-C2C4E4ABF46B}.Debug|Any CPU.ActiveCfg = Debug|Any CPU
		{E088FDE2-CEE5-47C8-9B51-C2C4E4ABF46B}.Debug|Any CPU.Build.0 = Debug|Any CPU
		{E088FDE2-CEE5-47C8-9B51-C2C4E4ABF46B}.Debug|x64.ActiveCfg = Debug|Any CPU
		{E088FDE2-CEE5-47C8-9B51-C2C4E4ABF46B}.Debug|x64.Build.0 = Debug|Any CPU
		{E088FDE2-CEE5-47C8-9B51-C2C4E4ABF46B}.Debug|x86.ActiveCfg = Debug|Any CPU
		{E088FDE2-CEE5-47C8-9B51-C2C4E4ABF46B}.Debug|x86.Build.0 = Debug|Any CPU
		{E088FDE2-CEE5-47C8-9B51-C2C4E4ABF46B}.Release|Any CPU.ActiveCfg = Release|Any CPU
		{E088FDE2-CEE5-47C8-9B51-C2C4E4ABF46B}.Release|Any CPU.Build.0 = Release|Any CPU
		{E088FDE2-CEE5-47C8-9B51-C2C4E4ABF46B}.Release|x64.ActiveCfg = Release|Any CPU
		{E088FDE2-CEE5-47C8-9B51-C2C4E4ABF46B}.Release|x64.Build.0 = Release|Any CPU
		{E088FDE2-CEE5-47C8-9B51-C2C4E4ABF46B}.Release|x86.ActiveCfg = Release|Any CPU
		{E088FDE2-CEE5-47C8-9B51-C2C4E4ABF46B}.Release|x86.Build.0 = Release|Any CPU
	EndGlobalSection
	GlobalSection(NestedProjects) = preSolution
		{512714E4-26A6-4F12-B30B-8A56949F6745} = {96340F62-479C-453A-B695-0EC19A03151F}
		{E088FDE2-CEE5-47C8-9B51-C2C4E4ABF46B} = {96340F62-479C-453A-B695-0EC19A03151F}
	EndGlobalSection
EndGlobal
